
Microsoft Visual Studio Solution File, Format Version 12.00
# Visual Studio 15
VisualStudioVersion = 15.0.26124.0
MinimumVisualStudioVersion = 15.0.26124.0
Project("{FAE04EC0-301F-11D3-BF4B-00C04F79EFBC}") = "Oxy.Framework.Common", "Oxy.Framework.Common\Oxy.Framework.Common.csproj", "{28994D17-9F1B-48F3-ABC2-40C1624DE6D7}"
EndProject
Project("{FAE04EC0-301F-11D3-BF4B-00C04F79EFBC}") = "Oxy.Framework.Graphics", "Oxy.Framework.Graphics\Oxy.Framework.Graphics.csproj", "{7920E072-D45F-4E2A-A49A-3495706FC93F}"
EndProject
Project("{FAE04EC0-301F-11D3-BF4B-00C04F79EFBC}") = "Oxy.Framework.Window", "Oxy.Framework.Window\Oxy.Framework.Window.csproj", "{A3C6335B-A3F2-4E51-BF2B-B78A3DE3A4A6}"
EndProject
Project("{FAE04EC0-301F-11D3-BF4B-00C04F79EFBC}") = "Oxy.Framework.Input", "Oxy.Framework.Input\Oxy.Framework.Input.csproj", "{01782FBF-9104-4D61-A900-A678EC7B94DE}"
EndProject
Project("{FAE04EC0-301F-11D3-BF4B-00C04F79EFBC}") = "Oxy.Framework.TestPlayer", "Oxy.Framework.TestPlayer\Oxy.Framework.TestPlayer.csproj", "{9FC95C42-BC6A-429D-9330-76739D6009DD}"
EndProject
Project("{FAE04EC0-301F-11D3-BF4B-00C04F79EFBC}") = "Oxy.Framework.Resources", "Oxy.Framework.Resources\Oxy.Framework.Resources.csproj", "{0F69EBBC-7F7D-4AF8-A8CA-D93E665C4076}"
EndProject
Global
	GlobalSection(SolutionConfigurationPlatforms) = preSolution
		Debug|Any CPU = Debug|Any CPU
		Debug|x64 = Debug|x64
		Debug|x86 = Debug|x86
		Release|Any CPU = Release|Any CPU
		Release|x64 = Release|x64
		Release|x86 = Release|x86
	EndGlobalSection
	GlobalSection(SolutionProperties) = preSolution
		HideSolutionNode = FALSE
	EndGlobalSection
	GlobalSection(ProjectConfigurationPlatforms) = postSolution
		{28994D17-9F1B-48F3-ABC2-40C1624DE6D7}.Debug|Any CPU.ActiveCfg = Debug|Any CPU
		{28994D17-9F1B-48F3-ABC2-40C1624DE6D7}.Debug|Any CPU.Build.0 = Debug|Any CPU
		{28994D17-9F1B-48F3-ABC2-40C1624DE6D7}.Debug|x64.ActiveCfg = Debug|Any CPU
		{28994D17-9F1B-48F3-ABC2-40C1624DE6D7}.Debug|x64.Build.0 = Debug|Any CPU
		{28994D17-9F1B-48F3-ABC2-40C1624DE6D7}.Debug|x86.ActiveCfg = Debug|Any CPU
		{28994D17-9F1B-48F3-ABC2-40C1624DE6D7}.Debug|x86.Build.0 = Debug|Any CPU
		{28994D17-9F1B-48F3-ABC2-40C1624DE6D7}.Release|Any CPU.ActiveCfg = Release|Any CPU
		{28994D17-9F1B-48F3-ABC2-40C1624DE6D7}.Release|Any CPU.Build.0 = Release|Any CPU
		{28994D17-9F1B-48F3-ABC2-40C1624DE6D7}.Release|x64.ActiveCfg = Release|Any CPU
		{28994D17-9F1B-48F3-ABC2-40C1624DE6D7}.Release|x64.Build.0 = Release|Any CPU
		{28994D17-9F1B-48F3-ABC2-40C1624DE6D7}.Release|x86.ActiveCfg = Release|Any CPU
		{28994D17-9F1B-48F3-ABC2-40C1624DE6D7}.Release|x86.Build.0 = Release|Any CPU
		{7920E072-D45F-4E2A-A49A-3495706FC93F}.Debug|Any CPU.ActiveCfg = Debug|Any CPU
		{7920E072-D45F-4E2A-A49A-3495706FC93F}.Debug|Any CPU.Build.0 = Debug|Any CPU
		{7920E072-D45F-4E2A-A49A-3495706FC93F}.Debug|x64.ActiveCfg = Debug|Any CPU
		{7920E072-D45F-4E2A-A49A-3495706FC93F}.Debug|x64.Build.0 = Debug|Any CPU
		{7920E072-D45F-4E2A-A49A-3495706FC93F}.Debug|x86.ActiveCfg = Debug|Any CPU
		{7920E072-D45F-4E2A-A49A-3495706FC93F}.Debug|x86.Build.0 = Debug|Any CPU
		{7920E072-D45F-4E2A-A49A-3495706FC93F}.Release|Any CPU.ActiveCfg = Release|Any CPU
		{7920E072-D45F-4E2A-A49A-3495706FC93F}.Release|Any CPU.Build.0 = Release|Any CPU
		{7920E072-D45F-4E2A-A49A-3495706FC93F}.Release|x64.ActiveCfg = Release|Any CPU
		{7920E072-D45F-4E2A-A49A-3495706FC93F}.Release|x64.Build.0 = Release|Any CPU
		{7920E072-D45F-4E2A-A49A-3495706FC93F}.Release|x86.ActiveCfg = Release|Any CPU
		{7920E072-D45F-4E2A-A49A-3495706FC93F}.Release|x86.Build.0 = Release|Any CPU
		{A3C6335B-A3F2-4E51-BF2B-B78A3DE3A4A6}.Debug|Any CPU.ActiveCfg = Debug|Any CPU
		{A3C6335B-A3F2-4E51-BF2B-B78A3DE3A4A6}.Debug|Any CPU.Build.0 = Debug|Any CPU
		{A3C6335B-A3F2-4E51-BF2B-B78A3DE3A4A6}.Debug|x64.ActiveCfg = Debug|Any CPU
		{A3C6335B-A3F2-4E51-BF2B-B78A3DE3A4A6}.Debug|x64.Build.0 = Debug|Any CPU
		{A3C6335B-A3F2-4E51-BF2B-B78A3DE3A4A6}.Debug|x86.ActiveCfg = Debug|Any CPU
		{A3C6335B-A3F2-4E51-BF2B-B78A3DE3A4A6}.Debug|x86.Build.0 = Debug|Any CPU
		{A3C6335B-A3F2-4E51-BF2B-B78A3DE3A4A6}.Release|Any CPU.ActiveCfg = Release|Any CPU
		{A3C6335B-A3F2-4E51-BF2B-B78A3DE3A4A6}.Release|Any CPU.Build.0 = Release|Any CPU
		{A3C6335B-A3F2-4E51-BF2B-B78A3DE3A4A6}.Release|x64.ActiveCfg = Release|Any CPU
		{A3C6335B-A3F2-4E51-BF2B-B78A3DE3A4A6}.Release|x64.Build.0 = Release|Any CPU
		{A3C6335B-A3F2-4E51-BF2B-B78A3DE3A4A6}.Release|x86.ActiveCfg = Release|Any CPU
		{A3C6335B-A3F2-4E51-BF2B-B78A3DE3A4A6}.Release|x86.Build.0 = Release|Any CPU
		{01782FBF-9104-4D61-A900-A678EC7B94DE}.Debug|Any CPU.ActiveCfg = Debug|Any CPU
		{01782FBF-9104-4D61-A900-A678EC7B94DE}.Debug|Any CPU.Build.0 = Debug|Any CPU
		{01782FBF-9104-4D61-A900-A678EC7B94DE}.Debug|x64.ActiveCfg = Debug|Any CPU
		{01782FBF-9104-4D61-A900-A678EC7B94DE}.Debug|x64.Build.0 = Debug|Any CPU
		{01782FBF-9104-4D61-A900-A678EC7B94DE}.Debug|x86.ActiveCfg = Debug|Any CPU
		{01782FBF-9104-4D61-A900-A678EC7B94DE}.Debug|x86.Build.0 = Debug|Any CPU
		{01782FBF-9104-4D61-A900-A678EC7B94DE}.Release|Any CPU.ActiveCfg = Release|Any CPU
		{01782FBF-9104-4D61-A900-A678EC7B94DE}.Release|Any CPU.Build.0 = Release|Any CPU
		{01782FBF-9104-4D61-A900-A678EC7B94DE}.Release|x64.ActiveCfg = Release|Any CPU
		{01782FBF-9104-4D61-A900-A678EC7B94DE}.Release|x64.Build.0 = Release|Any CPU
		{01782FBF-9104-4D61-A900-A678EC7B94DE}.Release|x86.ActiveCfg = Release|Any CPU
		{01782FBF-9104-4D61-A900-A678EC7B94DE}.Release|x86.Build.0 = Release|Any CPU
		{9FC95C42-BC6A-429D-9330-76739D6009DD}.Debug|Any CPU.ActiveCfg = Debug|Any CPU
		{9FC95C42-BC6A-429D-9330-76739D6009DD}.Debug|Any CPU.Build.0 = Debug|Any CPU
		{9FC95C42-BC6A-429D-9330-76739D6009DD}.Debug|x64.ActiveCfg = Debug|Any CPU
		{9FC95C42-BC6A-429D-9330-76739D6009DD}.Debug|x64.Build.0 = Debug|Any CPU
		{9FC95C42-BC6A-429D-9330-76739D6009DD}.Debug|x86.ActiveCfg = Debug|Any CPU
		{9FC95C42-BC6A-429D-9330-76739D6009DD}.Debug|x86.Build.0 = Debug|Any CPU
		{9FC95C42-BC6A-429D-9330-76739D6009DD}.Release|Any CPU.ActiveCfg = Release|Any CPU
		{9FC95C42-BC6A-429D-9330-76739D6009DD}.Release|Any CPU.Build.0 = Release|Any CPU
		{9FC95C42-BC6A-429D-9330-76739D6009DD}.Release|x64.ActiveCfg = Release|Any CPU
		{9FC95C42-BC6A-429D-9330-76739D6009DD}.Release|x64.Build.0 = Release|Any CPU
		{9FC95C42-BC6A-429D-9330-76739D6009DD}.Release|x86.ActiveCfg = Release|Any CPU
		{9FC95C42-BC6A-429D-9330-76739D6009DD}.Release|x86.Build.0 = Release|Any CPU
		{0F69EBBC-7F7D-4AF8-A8CA-D93E665C4076}.Debug|Any CPU.ActiveCfg = Debug|Any CPU
		{0F69EBBC-7F7D-4AF8-A8CA-D93E665C4076}.Debug|Any CPU.Build.0 = Debug|Any CPU
		{0F69EBBC-7F7D-4AF8-A8CA-D93E665C4076}.Debug|x64.ActiveCfg = Debug|Any CPU
		{0F69EBBC-7F7D-4AF8-A8CA-D93E665C4076}.Debug|x64.Build.0 = Debug|Any CPU
		{0F69EBBC-7F7D-4AF8-A8CA-D93E665C4076}.Debug|x86.ActiveCfg = Debug|Any CPU
		{0F69EBBC-7F7D-4AF8-A8CA-D93E665C4076}.Debug|x86.Build.0 = Debug|Any CPU
		{0F69EBBC-7F7D-4AF8-A8CA-D93E665C4076}.Release|Any CPU.ActiveCfg = Release|Any CPU
		{0F69EBBC-7F7D-4AF8-A8CA-D93E665C4076}.Release|Any CPU.Build.0 = Release|Any CPU
		{0F69EBBC-7F7D-4AF8-A8CA-D93E665C4076}.Release|x64.ActiveCfg = Release|Any CPU
		{0F69EBBC-7F7D-4AF8-A8CA-D93E665C4076}.Release|x64.Build.0 = Release|Any CPU
		{0F69EBBC-7F7D-4AF8-A8CA-D93E665C4076}.Release|x86.ActiveCfg = Release|Any CPU
		{0F69EBBC-7F7D-4AF8-A8CA-D93E665C4076}.Release|x86.Build.0 = Release|Any CPU
	EndGlobalSection
EndGlobal
