
Microsoft Visual Studio Solution File, Format Version 12.00
# Visual Studio 15
VisualStudioVersion = 15.0.26124.0
MinimumVisualStudioVersion = 15.0.26124.0
Project("{FAE04EC0-301F-11D3-BF4B-00C04F79EFBC}") = "OxyEngine", "src\OxyEngine\OxyEngine.csproj", "{401FA561-FB1A-4A6B-999D-3729D1DC3C4D}"
EndProject
Project("{FAE04EC0-301F-11D3-BF4B-00C04F79EFBC}") = "OxyEngine.Python", "src\OxyEngine.Python\OxyEngine.Python.csproj", "{3F3B971A-D5FA-4303-8106-BC6644DF13F5}"
EndProject
Project("{FAE04EC0-301F-11D3-BF4B-00C04F79EFBC}") = "OxyEngine.Test", "src\OxyEngine.Test\OxyEngine.Test.csproj", "{088B24C6-3345-4712-92EB-D9B48949160A}"
EndProject
Project("{FAE04EC0-301F-11D3-BF4B-00C04F79EFBC}") = "OxyEngine.Game", "src\OxyEngine.Game\OxyEngine.Game.csproj", "{0D991B6E-548F-4CDD-BF76-1EF38BE85D58}"
EndProject
Project("{FAE04EC0-301F-11D3-BF4B-00C04F79EFBC}") = "OxyEngine.Docs", "src\OxyEngine.Docs\OxyEngine.Docs.csproj", "{B23C4B2B-7C6D-4C5A-9FDC-1C5CEEF5F931}"
EndProject
Global
	GlobalSection(SolutionConfigurationPlatforms) = preSolution
		Debug|Any CPU = Debug|Any CPU
		Debug|x64 = Debug|x64
		Debug|x86 = Debug|x86
		Release|Any CPU = Release|Any CPU
		Release|x64 = Release|x64
		Release|x86 = Release|x86
	EndGlobalSection
	GlobalSection(ProjectConfigurationPlatforms) = postSolution
		{401FA561-FB1A-4A6B-999D-3729D1DC3C4D}.Debug|Any CPU.ActiveCfg = Debug|Any CPU
		{401FA561-FB1A-4A6B-999D-3729D1DC3C4D}.Debug|Any CPU.Build.0 = Debug|Any CPU
		{401FA561-FB1A-4A6B-999D-3729D1DC3C4D}.Debug|x64.ActiveCfg = Debug|Any CPU
		{401FA561-FB1A-4A6B-999D-3729D1DC3C4D}.Debug|x64.Build.0 = Debug|Any CPU
		{401FA561-FB1A-4A6B-999D-3729D1DC3C4D}.Debug|x86.ActiveCfg = Debug|Any CPU
		{401FA561-FB1A-4A6B-999D-3729D1DC3C4D}.Debug|x86.Build.0 = Debug|Any CPU
		{401FA561-FB1A-4A6B-999D-3729D1DC3C4D}.Release|Any CPU.ActiveCfg = Release|Any CPU
		{401FA561-FB1A-4A6B-999D-3729D1DC3C4D}.Release|Any CPU.Build.0 = Release|Any CPU
		{401FA561-FB1A-4A6B-999D-3729D1DC3C4D}.Release|x64.ActiveCfg = Release|Any CPU
		{401FA561-FB1A-4A6B-999D-3729D1DC3C4D}.Release|x64.Build.0 = Release|Any CPU
		{401FA561-FB1A-4A6B-999D-3729D1DC3C4D}.Release|x86.ActiveCfg = Release|Any CPU
		{401FA561-FB1A-4A6B-999D-3729D1DC3C4D}.Release|x86.Build.0 = Release|Any CPU
		{3F3B971A-D5FA-4303-8106-BC6644DF13F5}.Debug|Any CPU.ActiveCfg = Debug|Any CPU
		{3F3B971A-D5FA-4303-8106-BC6644DF13F5}.Debug|Any CPU.Build.0 = Debug|Any CPU
		{3F3B971A-D5FA-4303-8106-BC6644DF13F5}.Debug|x64.ActiveCfg = Debug|Any CPU
		{3F3B971A-D5FA-4303-8106-BC6644DF13F5}.Debug|x64.Build.0 = Debug|Any CPU
		{3F3B971A-D5FA-4303-8106-BC6644DF13F5}.Debug|x86.ActiveCfg = Debug|Any CPU
		{3F3B971A-D5FA-4303-8106-BC6644DF13F5}.Debug|x86.Build.0 = Debug|Any CPU
		{3F3B971A-D5FA-4303-8106-BC6644DF13F5}.Release|Any CPU.ActiveCfg = Release|Any CPU
		{3F3B971A-D5FA-4303-8106-BC6644DF13F5}.Release|Any CPU.Build.0 = Release|Any CPU
		{3F3B971A-D5FA-4303-8106-BC6644DF13F5}.Release|x64.ActiveCfg = Release|Any CPU
		{3F3B971A-D5FA-4303-8106-BC6644DF13F5}.Release|x64.Build.0 = Release|Any CPU
		{3F3B971A-D5FA-4303-8106-BC6644DF13F5}.Release|x86.ActiveCfg = Release|Any CPU
		{3F3B971A-D5FA-4303-8106-BC6644DF13F5}.Release|x86.Build.0 = Release|Any CPU
		{088B24C6-3345-4712-92EB-D9B48949160A}.Debug|Any CPU.ActiveCfg = Debug|Any CPU
		{088B24C6-3345-4712-92EB-D9B48949160A}.Debug|Any CPU.Build.0 = Debug|Any CPU
		{088B24C6-3345-4712-92EB-D9B48949160A}.Debug|x64.ActiveCfg = Debug|Any CPU
		{088B24C6-3345-4712-92EB-D9B48949160A}.Debug|x64.Build.0 = Debug|Any CPU
		{088B24C6-3345-4712-92EB-D9B48949160A}.Debug|x86.ActiveCfg = Debug|Any CPU
		{088B24C6-3345-4712-92EB-D9B48949160A}.Debug|x86.Build.0 = Debug|Any CPU
		{088B24C6-3345-4712-92EB-D9B48949160A}.Release|Any CPU.ActiveCfg = Release|Any CPU
		{088B24C6-3345-4712-92EB-D9B48949160A}.Release|Any CPU.Build.0 = Release|Any CPU
		{088B24C6-3345-4712-92EB-D9B48949160A}.Release|x64.ActiveCfg = Release|Any CPU
		{088B24C6-3345-4712-92EB-D9B48949160A}.Release|x64.Build.0 = Release|Any CPU
		{088B24C6-3345-4712-92EB-D9B48949160A}.Release|x86.ActiveCfg = Release|Any CPU
		{088B24C6-3345-4712-92EB-D9B48949160A}.Release|x86.Build.0 = Release|Any CPU
		{0D991B6E-548F-4CDD-BF76-1EF38BE85D58}.Debug|Any CPU.ActiveCfg = Debug|Any CPU
		{0D991B6E-548F-4CDD-BF76-1EF38BE85D58}.Debug|Any CPU.Build.0 = Debug|Any CPU
		{0D991B6E-548F-4CDD-BF76-1EF38BE85D58}.Debug|x64.ActiveCfg = Debug|Any CPU
		{0D991B6E-548F-4CDD-BF76-1EF38BE85D58}.Debug|x64.Build.0 = Debug|Any CPU
		{0D991B6E-548F-4CDD-BF76-1EF38BE85D58}.Debug|x86.ActiveCfg = Debug|Any CPU
		{0D991B6E-548F-4CDD-BF76-1EF38BE85D58}.Debug|x86.Build.0 = Debug|Any CPU
		{0D991B6E-548F-4CDD-BF76-1EF38BE85D58}.Release|Any CPU.ActiveCfg = Release|Any CPU
		{0D991B6E-548F-4CDD-BF76-1EF38BE85D58}.Release|Any CPU.Build.0 = Release|Any CPU
		{0D991B6E-548F-4CDD-BF76-1EF38BE85D58}.Release|x64.ActiveCfg = Release|Any CPU
		{0D991B6E-548F-4CDD-BF76-1EF38BE85D58}.Release|x64.Build.0 = Release|Any CPU
		{0D991B6E-548F-4CDD-BF76-1EF38BE85D58}.Release|x86.ActiveCfg = Release|Any CPU
		{0D991B6E-548F-4CDD-BF76-1EF38BE85D58}.Release|x86.Build.0 = Release|Any CPU
		{B23C4B2B-7C6D-4C5A-9FDC-1C5CEEF5F931}.Debug|Any CPU.ActiveCfg = Debug|Any CPU
		{B23C4B2B-7C6D-4C5A-9FDC-1C5CEEF5F931}.Debug|Any CPU.Build.0 = Debug|Any CPU
		{B23C4B2B-7C6D-4C5A-9FDC-1C5CEEF5F931}.Debug|x64.ActiveCfg = Debug|Any CPU
		{B23C4B2B-7C6D-4C5A-9FDC-1C5CEEF5F931}.Debug|x64.Build.0 = Debug|Any CPU
		{B23C4B2B-7C6D-4C5A-9FDC-1C5CEEF5F931}.Debug|x86.ActiveCfg = Debug|Any CPU
		{B23C4B2B-7C6D-4C5A-9FDC-1C5CEEF5F931}.Debug|x86.Build.0 = Debug|Any CPU
		{B23C4B2B-7C6D-4C5A-9FDC-1C5CEEF5F931}.Release|Any CPU.ActiveCfg = Release|Any CPU
		{B23C4B2B-7C6D-4C5A-9FDC-1C5CEEF5F931}.Release|Any CPU.Build.0 = Release|Any CPU
		{B23C4B2B-7C6D-4C5A-9FDC-1C5CEEF5F931}.Release|x64.ActiveCfg = Release|Any CPU
		{B23C4B2B-7C6D-4C5A-9FDC-1C5CEEF5F931}.Release|x64.Build.0 = Release|Any CPU
		{B23C4B2B-7C6D-4C5A-9FDC-1C5CEEF5F931}.Release|x86.ActiveCfg = Release|Any CPU
		{B23C4B2B-7C6D-4C5A-9FDC-1C5CEEF5F931}.Release|x86.Build.0 = Release|Any CPU
	EndGlobalSection
	GlobalSection(SolutionProperties) = preSolution
		HideSolutionNode = FALSE
	EndGlobalSection
	GlobalSection(ExtensibilityGlobals) = postSolution
		SolutionGuid = {9CEA31AF-BF4F-4C6B-8374-865B5B5EB8CF}
	EndGlobalSection
EndGlobal
