
Microsoft Visual Studio Solution File, Format Version 12.00
# Visual Studio 15
VisualStudioVersion = 15.0.26124.0
MinimumVisualStudioVersion = 15.0.26124.0
Project("{FAE04EC0-301F-11D3-BF4B-00C04F79EFBC}") = "samples\Oxy.Framework.TestPlayer", "samples\Oxy.Framework.TestPlayer\Oxy.Framework.TestPlayer.csproj", "{9FC95C42-BC6A-429D-9330-76739D6009DD}"
EndProject
Project("{FAE04EC0-301F-11D3-BF4B-00C04F79EFBC}") = "Oxy.Framework", "src\Oxy.Framework\Oxy.Framework.csproj", "{CD721367-8226-43C2-8C26-BD8CC3121434}"
EndProject
Global
	GlobalSection(SolutionConfigurationPlatforms) = preSolution
		Debug|Any CPU = Debug|Any CPU
		Debug|x64 = Debug|x64
		Debug|x86 = Debug|x86
		Release|Any CPU = Release|Any CPU
		Release|x64 = Release|x64
		Release|x86 = Release|x86
	EndGlobalSection
	GlobalSection(SolutionProperties) = preSolution
		HideSolutionNode = FALSE
	EndGlobalSection
	GlobalSection(ProjectConfigurationPlatforms) = postSolution
		{9FC95C42-BC6A-429D-9330-76739D6009DD}.Debug|Any CPU.ActiveCfg = Debug|Any CPU
		{9FC95C42-BC6A-429D-9330-76739D6009DD}.Debug|Any CPU.Build.0 = Debug|Any CPU
		{9FC95C42-BC6A-429D-9330-76739D6009DD}.Debug|x64.ActiveCfg = Debug|Any CPU
		{9FC95C42-BC6A-429D-9330-76739D6009DD}.Debug|x64.Build.0 = Debug|Any CPU
		{9FC95C42-BC6A-429D-9330-76739D6009DD}.Debug|x86.ActiveCfg = Debug|Any CPU
		{9FC95C42-BC6A-429D-9330-76739D6009DD}.Debug|x86.Build.0 = Debug|Any CPU
		{9FC95C42-BC6A-429D-9330-76739D6009DD}.Release|Any CPU.ActiveCfg = Release|Any CPU
		{9FC95C42-BC6A-429D-9330-76739D6009DD}.Release|Any CPU.Build.0 = Release|Any CPU
		{9FC95C42-BC6A-429D-9330-76739D6009DD}.Release|x64.ActiveCfg = Release|Any CPU
		{9FC95C42-BC6A-429D-9330-76739D6009DD}.Release|x64.Build.0 = Release|Any CPU
		{9FC95C42-BC6A-429D-9330-76739D6009DD}.Release|x86.ActiveCfg = Release|Any CPU
		{9FC95C42-BC6A-429D-9330-76739D6009DD}.Release|x86.Build.0 = Release|Any CPU
		{CD721367-8226-43C2-8C26-BD8CC3121434}.Debug|Any CPU.ActiveCfg = Debug|Any CPU
		{CD721367-8226-43C2-8C26-BD8CC3121434}.Debug|Any CPU.Build.0 = Debug|Any CPU
		{CD721367-8226-43C2-8C26-BD8CC3121434}.Debug|x64.ActiveCfg = Debug|Any CPU
		{CD721367-8226-43C2-8C26-BD8CC3121434}.Debug|x64.Build.0 = Debug|Any CPU
		{CD721367-8226-43C2-8C26-BD8CC3121434}.Debug|x86.ActiveCfg = Debug|Any CPU
		{CD721367-8226-43C2-8C26-BD8CC3121434}.Debug|x86.Build.0 = Debug|Any CPU
		{CD721367-8226-43C2-8C26-BD8CC3121434}.Release|Any CPU.ActiveCfg = Release|Any CPU
		{CD721367-8226-43C2-8C26-BD8CC3121434}.Release|Any CPU.Build.0 = Release|Any CPU
		{CD721367-8226-43C2-8C26-BD8CC3121434}.Release|x64.ActiveCfg = Release|Any CPU
		{CD721367-8226-43C2-8C26-BD8CC3121434}.Release|x64.Build.0 = Release|Any CPU
		{CD721367-8226-43C2-8C26-BD8CC3121434}.Release|x86.ActiveCfg = Release|Any CPU
		{CD721367-8226-43C2-8C26-BD8CC3121434}.Release|x86.Build.0 = Release|Any CPU
	EndGlobalSection
EndGlobal
